
Microsoft Visual Studio Solution File, Format Version 12.00
# Visual Studio Version 17
VisualStudioVersion = 17.3.32929.385
MinimumVisualStudioVersion = 10.0.40219.1
Project("{FAE04EC0-301F-11D3-BF4B-00C04F79EFBC}") = "AutoMapper_FluentValidation", "AutoMapper\AutoMapper_FluentValidation.csproj", "{E5A1A62C-3348-459D-ABB1-FBADF653B4F3}"
EndProject
Global
	GlobalSection(SolutionConfigurationPlatforms) = preSolution
		Debug|Any CPU = Debug|Any CPU
		Release|Any CPU = Release|Any CPU
	EndGlobalSection
	GlobalSection(ProjectConfigurationPlatforms) = postSolution
		{E5A1A62C-3348-459D-ABB1-FBADF653B4F3}.Debug|Any CPU.ActiveCfg = Debug|Any CPU
		{E5A1A62C-3348-459D-ABB1-FBADF653B4F3}.Debug|Any CPU.Build.0 = Debug|Any CPU
		{E5A1A62C-3348-459D-ABB1-FBADF653B4F3}.Release|Any CPU.ActiveCfg = Release|Any CPU
		{E5A1A62C-3348-459D-ABB1-FBADF653B4F3}.Release|Any CPU.Build.0 = Release|Any CPU
	EndGlobalSection
	GlobalSection(SolutionProperties) = preSolution
		HideSolutionNode = FALSE
	EndGlobalSection
	GlobalSection(ExtensibilityGlobals) = postSolution
		SolutionGuid = {84F1F032-A207-4D1F-A00F-A272F0B7FB1F}
	EndGlobalSection
EndGlobal
